
Microsoft Visual Studio Solution File, Format Version 12.00
# Visual Studio Version 17
VisualStudioVersion = 17.3.32929.385
MinimumVisualStudioVersion = 10.0.40219.1
Project("{9A19103F-16F7-4668-BE54-9A1E7A4F7556}") = "LocationService", "LocationService\LocationService.csproj", "{E9CCE3A0-776A-4CB4-940C-7BF4F1E61CA7}"
EndProject
Project("{9A19103F-16F7-4668-BE54-9A1E7A4F7556}") = "TagService", "TagService\TagService.csproj", "{C81ECFF6-F413-4F86-BD29-0D3DD853ABBC}"
EndProject
Project("{9A19103F-16F7-4668-BE54-9A1E7A4F7556}") = "LoggerService", "LoggerService\LoggerService.csproj", "{0BFF091F-6422-4754-B70E-44F4D9D90943}"
EndProject
Project("{9A19103F-16F7-4668-BE54-9A1E7A4F7556}") = "CharacterService", "CharacterService\CharacterService.csproj", "{8A15E3C6-55B8-456D-91D7-385B869B1972}"
EndProject
Project("{9A19103F-16F7-4668-BE54-9A1E7A4F7556}") = "ItemService", "ItemService\ItemService.csproj", "{F3DBE2FB-4EA4-4D44-A207-989FA7A5FCEF}"
EndProject
Project("{9A19103F-16F7-4668-BE54-9A1E7A4F7556}") = "EventService", "EventService\EventService.csproj", "{FC36B54B-FEA5-4C0F-8C06-04371FF951C7}"
EndProject
Project("{9A19103F-16F7-4668-BE54-9A1E7A4F7556}") = "FileService", "FileService\FileService.csproj", "{06B6B8A8-1D36-4AE9-BBAF-D6ADFC862AFE}"
EndProject
Project("{9A19103F-16F7-4668-BE54-9A1E7A4F7556}") = "SateMachineService", "SateMachineService\SateMachineService.csproj", "{2FB81749-C4D4-45C2-B167-6A7BD6DF3D64}"
EndProject
Project("{9A19103F-16F7-4668-BE54-9A1E7A4F7556}") = "DebugConsoleApp", "DebugConsoleApp\DebugConsoleApp.csproj", "{19A2F648-056D-43E5-A159-C0A132AEEF42}"
EndProject
Project("{9A19103F-16F7-4668-BE54-9A1E7A4F7556}") = "GdProj", "GdProj\GdProj.csproj", "{F04E2A9F-7D4D-4A0C-803D-4F7867F44D69}"
EndProject
Global
	GlobalSection(SolutionConfigurationPlatforms) = preSolution
		Debug|Any CPU = Debug|Any CPU
		ExportDebug|Any CPU = ExportDebug|Any CPU
		ExportRelease|Any CPU = ExportRelease|Any CPU
		Release|Any CPU = Release|Any CPU
	EndGlobalSection
	GlobalSection(ProjectConfigurationPlatforms) = postSolution
		{E9CCE3A0-776A-4CB4-940C-7BF4F1E61CA7}.Debug|Any CPU.ActiveCfg = Debug|Any CPU
		{E9CCE3A0-776A-4CB4-940C-7BF4F1E61CA7}.Debug|Any CPU.Build.0 = Debug|Any CPU
		{E9CCE3A0-776A-4CB4-940C-7BF4F1E61CA7}.ExportDebug|Any CPU.ActiveCfg = Debug|Any CPU
		{E9CCE3A0-776A-4CB4-940C-7BF4F1E61CA7}.ExportDebug|Any CPU.Build.0 = Debug|Any CPU
		{E9CCE3A0-776A-4CB4-940C-7BF4F1E61CA7}.ExportRelease|Any CPU.ActiveCfg = Release|Any CPU
		{E9CCE3A0-776A-4CB4-940C-7BF4F1E61CA7}.ExportRelease|Any CPU.Build.0 = Release|Any CPU
		{E9CCE3A0-776A-4CB4-940C-7BF4F1E61CA7}.Release|Any CPU.ActiveCfg = Release|Any CPU
		{E9CCE3A0-776A-4CB4-940C-7BF4F1E61CA7}.Release|Any CPU.Build.0 = Release|Any CPU
		{C81ECFF6-F413-4F86-BD29-0D3DD853ABBC}.Debug|Any CPU.ActiveCfg = Debug|Any CPU
		{C81ECFF6-F413-4F86-BD29-0D3DD853ABBC}.Debug|Any CPU.Build.0 = Debug|Any CPU
		{C81ECFF6-F413-4F86-BD29-0D3DD853ABBC}.ExportDebug|Any CPU.ActiveCfg = Debug|Any CPU
		{C81ECFF6-F413-4F86-BD29-0D3DD853ABBC}.ExportDebug|Any CPU.Build.0 = Debug|Any CPU
		{C81ECFF6-F413-4F86-BD29-0D3DD853ABBC}.ExportRelease|Any CPU.ActiveCfg = Release|Any CPU
		{C81ECFF6-F413-4F86-BD29-0D3DD853ABBC}.ExportRelease|Any CPU.Build.0 = Release|Any CPU
		{C81ECFF6-F413-4F86-BD29-0D3DD853ABBC}.Release|Any CPU.ActiveCfg = Release|Any CPU
		{C81ECFF6-F413-4F86-BD29-0D3DD853ABBC}.Release|Any CPU.Build.0 = Release|Any CPU
		{0BFF091F-6422-4754-B70E-44F4D9D90943}.Debug|Any CPU.ActiveCfg = Debug|Any CPU
		{0BFF091F-6422-4754-B70E-44F4D9D90943}.Debug|Any CPU.Build.0 = Debug|Any CPU
		{0BFF091F-6422-4754-B70E-44F4D9D90943}.ExportDebug|Any CPU.ActiveCfg = Debug|Any CPU
		{0BFF091F-6422-4754-B70E-44F4D9D90943}.ExportDebug|Any CPU.Build.0 = Debug|Any CPU
		{0BFF091F-6422-4754-B70E-44F4D9D90943}.ExportRelease|Any CPU.ActiveCfg = Release|Any CPU
		{0BFF091F-6422-4754-B70E-44F4D9D90943}.ExportRelease|Any CPU.Build.0 = Release|Any CPU
		{0BFF091F-6422-4754-B70E-44F4D9D90943}.Release|Any CPU.ActiveCfg = Release|Any CPU
		{0BFF091F-6422-4754-B70E-44F4D9D90943}.Release|Any CPU.Build.0 = Release|Any CPU
		{8A15E3C6-55B8-456D-91D7-385B869B1972}.Debug|Any CPU.ActiveCfg = Debug|Any CPU
		{8A15E3C6-55B8-456D-91D7-385B869B1972}.Debug|Any CPU.Build.0 = Debug|Any CPU
		{8A15E3C6-55B8-456D-91D7-385B869B1972}.ExportDebug|Any CPU.ActiveCfg = Debug|Any CPU
		{8A15E3C6-55B8-456D-91D7-385B869B1972}.ExportDebug|Any CPU.Build.0 = Debug|Any CPU
		{8A15E3C6-55B8-456D-91D7-385B869B1972}.ExportRelease|Any CPU.ActiveCfg = Release|Any CPU
		{8A15E3C6-55B8-456D-91D7-385B869B1972}.ExportRelease|Any CPU.Build.0 = Release|Any CPU
		{8A15E3C6-55B8-456D-91D7-385B869B1972}.Release|Any CPU.ActiveCfg = Release|Any CPU
		{8A15E3C6-55B8-456D-91D7-385B869B1972}.Release|Any CPU.Build.0 = Release|Any CPU
		{F3DBE2FB-4EA4-4D44-A207-989FA7A5FCEF}.Debug|Any CPU.ActiveCfg = Debug|Any CPU
		{F3DBE2FB-4EA4-4D44-A207-989FA7A5FCEF}.Debug|Any CPU.Build.0 = Debug|Any CPU
		{F3DBE2FB-4EA4-4D44-A207-989FA7A5FCEF}.ExportDebug|Any CPU.ActiveCfg = Debug|Any CPU
		{F3DBE2FB-4EA4-4D44-A207-989FA7A5FCEF}.ExportDebug|Any CPU.Build.0 = Debug|Any CPU
		{F3DBE2FB-4EA4-4D44-A207-989FA7A5FCEF}.ExportRelease|Any CPU.ActiveCfg = Release|Any CPU
		{F3DBE2FB-4EA4-4D44-A207-989FA7A5FCEF}.ExportRelease|Any CPU.Build.0 = Release|Any CPU
		{F3DBE2FB-4EA4-4D44-A207-989FA7A5FCEF}.Release|Any CPU.ActiveCfg = Release|Any CPU
		{F3DBE2FB-4EA4-4D44-A207-989FA7A5FCEF}.Release|Any CPU.Build.0 = Release|Any CPU
		{FC36B54B-FEA5-4C0F-8C06-04371FF951C7}.Debug|Any CPU.ActiveCfg = Debug|Any CPU
		{FC36B54B-FEA5-4C0F-8C06-04371FF951C7}.Debug|Any CPU.Build.0 = Debug|Any CPU
		{FC36B54B-FEA5-4C0F-8C06-04371FF951C7}.ExportDebug|Any CPU.ActiveCfg = Debug|Any CPU
		{FC36B54B-FEA5-4C0F-8C06-04371FF951C7}.ExportDebug|Any CPU.Build.0 = Debug|Any CPU
		{FC36B54B-FEA5-4C0F-8C06-04371FF951C7}.ExportRelease|Any CPU.ActiveCfg = Release|Any CPU
		{FC36B54B-FEA5-4C0F-8C06-04371FF951C7}.ExportRelease|Any CPU.Build.0 = Release|Any CPU
		{FC36B54B-FEA5-4C0F-8C06-04371FF951C7}.Release|Any CPU.ActiveCfg = Release|Any CPU
		{FC36B54B-FEA5-4C0F-8C06-04371FF951C7}.Release|Any CPU.Build.0 = Release|Any CPU
		{06B6B8A8-1D36-4AE9-BBAF-D6ADFC862AFE}.Debug|Any CPU.ActiveCfg = Debug|Any CPU
		{06B6B8A8-1D36-4AE9-BBAF-D6ADFC862AFE}.Debug|Any CPU.Build.0 = Debug|Any CPU
		{06B6B8A8-1D36-4AE9-BBAF-D6ADFC862AFE}.ExportDebug|Any CPU.ActiveCfg = Debug|Any CPU
		{06B6B8A8-1D36-4AE9-BBAF-D6ADFC862AFE}.ExportDebug|Any CPU.Build.0 = Debug|Any CPU
		{06B6B8A8-1D36-4AE9-BBAF-D6ADFC862AFE}.ExportRelease|Any CPU.ActiveCfg = Release|Any CPU
		{06B6B8A8-1D36-4AE9-BBAF-D6ADFC862AFE}.ExportRelease|Any CPU.Build.0 = Release|Any CPU
		{06B6B8A8-1D36-4AE9-BBAF-D6ADFC862AFE}.Release|Any CPU.ActiveCfg = Release|Any CPU
		{06B6B8A8-1D36-4AE9-BBAF-D6ADFC862AFE}.Release|Any CPU.Build.0 = Release|Any CPU
		{2FB81749-C4D4-45C2-B167-6A7BD6DF3D64}.Debug|Any CPU.ActiveCfg = Debug|Any CPU
		{2FB81749-C4D4-45C2-B167-6A7BD6DF3D64}.Debug|Any CPU.Build.0 = Debug|Any CPU
		{2FB81749-C4D4-45C2-B167-6A7BD6DF3D64}.ExportDebug|Any CPU.ActiveCfg = Debug|Any CPU
		{2FB81749-C4D4-45C2-B167-6A7BD6DF3D64}.ExportDebug|Any CPU.Build.0 = Debug|Any CPU
		{2FB81749-C4D4-45C2-B167-6A7BD6DF3D64}.ExportRelease|Any CPU.ActiveCfg = Release|Any CPU
		{2FB81749-C4D4-45C2-B167-6A7BD6DF3D64}.ExportRelease|Any CPU.Build.0 = Release|Any CPU
		{2FB81749-C4D4-45C2-B167-6A7BD6DF3D64}.Release|Any CPU.ActiveCfg = Release|Any CPU
		{2FB81749-C4D4-45C2-B167-6A7BD6DF3D64}.Release|Any CPU.Build.0 = Release|Any CPU
		{19A2F648-056D-43E5-A159-C0A132AEEF42}.Debug|Any CPU.ActiveCfg = Debug|Any CPU
		{19A2F648-056D-43E5-A159-C0A132AEEF42}.Debug|Any CPU.Build.0 = Debug|Any CPU
		{19A2F648-056D-43E5-A159-C0A132AEEF42}.ExportDebug|Any CPU.ActiveCfg = Debug|Any CPU
		{19A2F648-056D-43E5-A159-C0A132AEEF42}.ExportDebug|Any CPU.Build.0 = Debug|Any CPU
		{19A2F648-056D-43E5-A159-C0A132AEEF42}.ExportRelease|Any CPU.ActiveCfg = Release|Any CPU
		{19A2F648-056D-43E5-A159-C0A132AEEF42}.ExportRelease|Any CPU.Build.0 = Release|Any CPU
		{19A2F648-056D-43E5-A159-C0A132AEEF42}.Release|Any CPU.ActiveCfg = Release|Any CPU
		{19A2F648-056D-43E5-A159-C0A132AEEF42}.Release|Any CPU.Build.0 = Release|Any CPU
		{F04E2A9F-7D4D-4A0C-803D-4F7867F44D69}.Debug|Any CPU.ActiveCfg = Debug|Any CPU
		{F04E2A9F-7D4D-4A0C-803D-4F7867F44D69}.Debug|Any CPU.Build.0 = Debug|Any CPU
		{F04E2A9F-7D4D-4A0C-803D-4F7867F44D69}.ExportDebug|Any CPU.ActiveCfg = ExportDebug|Any CPU
		{F04E2A9F-7D4D-4A0C-803D-4F7867F44D69}.ExportDebug|Any CPU.Build.0 = ExportDebug|Any CPU
		{F04E2A9F-7D4D-4A0C-803D-4F7867F44D69}.ExportRelease|Any CPU.ActiveCfg = ExportRelease|Any CPU
		{F04E2A9F-7D4D-4A0C-803D-4F7867F44D69}.ExportRelease|Any CPU.Build.0 = ExportRelease|Any CPU
		{F04E2A9F-7D4D-4A0C-803D-4F7867F44D69}.Release|Any CPU.ActiveCfg = ExportRelease|Any CPU
		{F04E2A9F-7D4D-4A0C-803D-4F7867F44D69}.Release|Any CPU.Build.0 = ExportRelease|Any CPU
	EndGlobalSection
	GlobalSection(SolutionProperties) = preSolution
		HideSolutionNode = FALSE
	EndGlobalSection
	GlobalSection(ExtensibilityGlobals) = postSolution
		SolutionGuid = {11A54666-7D77-4B7E-8A22-28D0B6D96618}
	EndGlobalSection
EndGlobal
