
Microsoft Visual Studio Solution File, Format Version 12.00
# Visual Studio Version 17
VisualStudioVersion = 17.3.32929.385
MinimumVisualStudioVersion = 10.0.40219.1
Project("{9A19103F-16F7-4668-BE54-9A1E7A4F7556}") = "LocationService", "LocationService\LocationService.csproj", "{E9CCE3A0-776A-4CB4-940C-7BF4F1E61CA7}"
EndProject
Project("{9A19103F-16F7-4668-BE54-9A1E7A4F7556}") = "DebugConsoleApp", "LocationDebugConsoleApp\DebugConsoleApp.csproj", "{E6DB5F1C-1397-4832-A344-6C8AD9F6E4B1}"
EndProject
Project("{9A19103F-16F7-4668-BE54-9A1E7A4F7556}") = "TagService", "TagService\TagService.csproj", "{C81ECFF6-F413-4F86-BD29-0D3DD853ABBC}"
EndProject
Project("{9A19103F-16F7-4668-BE54-9A1E7A4F7556}") = "LoggerService", "LoggerService\LoggerService.csproj", "{0BFF091F-6422-4754-B70E-44F4D9D90943}"
EndProject
Project("{9A19103F-16F7-4668-BE54-9A1E7A4F7556}") = "CharacterService", "CharacterService\CharacterService.csproj", "{8A15E3C6-55B8-456D-91D7-385B869B1972}"
EndProject
Project("{9A19103F-16F7-4668-BE54-9A1E7A4F7556}") = "ItemService", "ItemService\ItemService.csproj", "{F3DBE2FB-4EA4-4D44-A207-989FA7A5FCEF}"
EndProject
Project("{FAE04EC0-301F-11D3-BF4B-00C04F79EFBC}") = "EventService", "EventService\EventService.csproj", "{FC36B54B-FEA5-4C0F-8C06-04371FF951C7}"
EndProject
Global
	GlobalSection(SolutionConfigurationPlatforms) = preSolution
		Debug|Any CPU = Debug|Any CPU
		Release|Any CPU = Release|Any CPU
	EndGlobalSection
	GlobalSection(ProjectConfigurationPlatforms) = postSolution
		{E9CCE3A0-776A-4CB4-940C-7BF4F1E61CA7}.Debug|Any CPU.ActiveCfg = Debug|Any CPU
		{E9CCE3A0-776A-4CB4-940C-7BF4F1E61CA7}.Debug|Any CPU.Build.0 = Debug|Any CPU
		{E9CCE3A0-776A-4CB4-940C-7BF4F1E61CA7}.Release|Any CPU.ActiveCfg = Release|Any CPU
		{E9CCE3A0-776A-4CB4-940C-7BF4F1E61CA7}.Release|Any CPU.Build.0 = Release|Any CPU
		{E6DB5F1C-1397-4832-A344-6C8AD9F6E4B1}.Debug|Any CPU.ActiveCfg = Debug|Any CPU
		{E6DB5F1C-1397-4832-A344-6C8AD9F6E4B1}.Debug|Any CPU.Build.0 = Debug|Any CPU
		{E6DB5F1C-1397-4832-A344-6C8AD9F6E4B1}.Release|Any CPU.ActiveCfg = Release|Any CPU
		{E6DB5F1C-1397-4832-A344-6C8AD9F6E4B1}.Release|Any CPU.Build.0 = Release|Any CPU
		{C81ECFF6-F413-4F86-BD29-0D3DD853ABBC}.Debug|Any CPU.ActiveCfg = Debug|Any CPU
		{C81ECFF6-F413-4F86-BD29-0D3DD853ABBC}.Debug|Any CPU.Build.0 = Debug|Any CPU
		{C81ECFF6-F413-4F86-BD29-0D3DD853ABBC}.Release|Any CPU.ActiveCfg = Release|Any CPU
		{C81ECFF6-F413-4F86-BD29-0D3DD853ABBC}.Release|Any CPU.Build.0 = Release|Any CPU
		{0BFF091F-6422-4754-B70E-44F4D9D90943}.Debug|Any CPU.ActiveCfg = Debug|Any CPU
		{0BFF091F-6422-4754-B70E-44F4D9D90943}.Debug|Any CPU.Build.0 = Debug|Any CPU
		{0BFF091F-6422-4754-B70E-44F4D9D90943}.Release|Any CPU.ActiveCfg = Release|Any CPU
		{0BFF091F-6422-4754-B70E-44F4D9D90943}.Release|Any CPU.Build.0 = Release|Any CPU
		{8A15E3C6-55B8-456D-91D7-385B869B1972}.Debug|Any CPU.ActiveCfg = Debug|Any CPU
		{8A15E3C6-55B8-456D-91D7-385B869B1972}.Debug|Any CPU.Build.0 = Debug|Any CPU
		{8A15E3C6-55B8-456D-91D7-385B869B1972}.Release|Any CPU.ActiveCfg = Release|Any CPU
		{8A15E3C6-55B8-456D-91D7-385B869B1972}.Release|Any CPU.Build.0 = Release|Any CPU
		{F3DBE2FB-4EA4-4D44-A207-989FA7A5FCEF}.Debug|Any CPU.ActiveCfg = Debug|Any CPU
		{F3DBE2FB-4EA4-4D44-A207-989FA7A5FCEF}.Debug|Any CPU.Build.0 = Debug|Any CPU
		{F3DBE2FB-4EA4-4D44-A207-989FA7A5FCEF}.Release|Any CPU.ActiveCfg = Release|Any CPU
		{F3DBE2FB-4EA4-4D44-A207-989FA7A5FCEF}.Release|Any CPU.Build.0 = Release|Any CPU
		{FC36B54B-FEA5-4C0F-8C06-04371FF951C7}.Debug|Any CPU.ActiveCfg = Debug|Any CPU
		{FC36B54B-FEA5-4C0F-8C06-04371FF951C7}.Debug|Any CPU.Build.0 = Debug|Any CPU
		{FC36B54B-FEA5-4C0F-8C06-04371FF951C7}.Release|Any CPU.ActiveCfg = Release|Any CPU
		{FC36B54B-FEA5-4C0F-8C06-04371FF951C7}.Release|Any CPU.Build.0 = Release|Any CPU
	EndGlobalSection
	GlobalSection(SolutionProperties) = preSolution
		HideSolutionNode = FALSE
	EndGlobalSection
	GlobalSection(ExtensibilityGlobals) = postSolution
		SolutionGuid = {11A54666-7D77-4B7E-8A22-28D0B6D96618}
	EndGlobalSection
EndGlobal
